
Microsoft Visual Studio Solution File, Format Version 12.00
# Visual Studio Version 16
VisualStudioVersion = 16.0.29306.81
MinimumVisualStudioVersion = 10.0.40219.1
Project("{FAE04EC0-301F-11D3-BF4B-00C04F79EFBC}") = "ImagenesMercadoLibre.UWP", "ImagenesMercadoLibre\ImagenesMercadoLibre.UWP\ImagenesMercadoLibre.UWP.csproj", "{D7C9FA83-82CC-4987-9D39-AC59EEB81EE2}"
EndProject
Project("{FAE04EC0-301F-11D3-BF4B-00C04F79EFBC}") = "ImagenesMercadoLibre.Android", "ImagenesMercadoLibre\ImagenesMercadoLibre.Android\ImagenesMercadoLibre.Android.csproj", "{5BD7DF5C-933B-4166-A26E-983B92C6024B}"
EndProject
Project("{FAE04EC0-301F-11D3-BF4B-00C04F79EFBC}") = "ImagenesMercadoLibre.iOS", "ImagenesMercadoLibre\ImagenesMercadoLibre.iOS\ImagenesMercadoLibre.iOS.csproj", "{47CD37BD-EECB-48D5-8632-C89B2B3700B3}"
EndProject
Project("{9A19103F-16F7-4668-BE54-9A1E7A4F7556}") = "ImagenesMercadoLibre", "ImagenesMercadoLibre\ImagenesMercadoLibre\ImagenesMercadoLibre.csproj", "{17D4CC1A-F1FD-454F-AA31-5BEE7BB7F88A}"
EndProject
Global
	GlobalSection(SolutionConfigurationPlatforms) = preSolution
		Debug|Any CPU = Debug|Any CPU
		Debug|ARM = Debug|ARM
		Debug|iPhone = Debug|iPhone
		Debug|iPhoneSimulator = Debug|iPhoneSimulator
		Debug|x64 = Debug|x64
		Debug|x86 = Debug|x86
		Release|Any CPU = Release|Any CPU
		Release|ARM = Release|ARM
		Release|iPhone = Release|iPhone
		Release|iPhoneSimulator = Release|iPhoneSimulator
		Release|x64 = Release|x64
		Release|x86 = Release|x86
	EndGlobalSection
	GlobalSection(ProjectConfigurationPlatforms) = postSolution
		{D7C9FA83-82CC-4987-9D39-AC59EEB81EE2}.Debug|Any CPU.ActiveCfg = Debug|x86
		{D7C9FA83-82CC-4987-9D39-AC59EEB81EE2}.Debug|Any CPU.Build.0 = Debug|x86
		{D7C9FA83-82CC-4987-9D39-AC59EEB81EE2}.Debug|Any CPU.Deploy.0 = Debug|x86
		{D7C9FA83-82CC-4987-9D39-AC59EEB81EE2}.Debug|ARM.ActiveCfg = Debug|ARM
		{D7C9FA83-82CC-4987-9D39-AC59EEB81EE2}.Debug|ARM.Build.0 = Debug|ARM
		{D7C9FA83-82CC-4987-9D39-AC59EEB81EE2}.Debug|ARM.Deploy.0 = Debug|ARM
		{D7C9FA83-82CC-4987-9D39-AC59EEB81EE2}.Debug|iPhone.ActiveCfg = Debug|x86
		{D7C9FA83-82CC-4987-9D39-AC59EEB81EE2}.Debug|iPhone.Build.0 = Debug|x86
		{D7C9FA83-82CC-4987-9D39-AC59EEB81EE2}.Debug|iPhone.Deploy.0 = Debug|x86
		{D7C9FA83-82CC-4987-9D39-AC59EEB81EE2}.Debug|iPhoneSimulator.ActiveCfg = Debug|x86
		{D7C9FA83-82CC-4987-9D39-AC59EEB81EE2}.Debug|iPhoneSimulator.Build.0 = Debug|x86
		{D7C9FA83-82CC-4987-9D39-AC59EEB81EE2}.Debug|iPhoneSimulator.Deploy.0 = Debug|x86
		{D7C9FA83-82CC-4987-9D39-AC59EEB81EE2}.Debug|x64.ActiveCfg = Debug|x64
		{D7C9FA83-82CC-4987-9D39-AC59EEB81EE2}.Debug|x64.Build.0 = Debug|x64
		{D7C9FA83-82CC-4987-9D39-AC59EEB81EE2}.Debug|x64.Deploy.0 = Debug|x64
		{D7C9FA83-82CC-4987-9D39-AC59EEB81EE2}.Debug|x86.ActiveCfg = Debug|x86
		{D7C9FA83-82CC-4987-9D39-AC59EEB81EE2}.Debug|x86.Build.0 = Debug|x86
		{D7C9FA83-82CC-4987-9D39-AC59EEB81EE2}.Debug|x86.Deploy.0 = Debug|x86
		{D7C9FA83-82CC-4987-9D39-AC59EEB81EE2}.Release|Any CPU.ActiveCfg = Release|x86
		{D7C9FA83-82CC-4987-9D39-AC59EEB81EE2}.Release|Any CPU.Build.0 = Release|x86
		{D7C9FA83-82CC-4987-9D39-AC59EEB81EE2}.Release|Any CPU.Deploy.0 = Release|x86
		{D7C9FA83-82CC-4987-9D39-AC59EEB81EE2}.Release|ARM.ActiveCfg = Release|ARM
		{D7C9FA83-82CC-4987-9D39-AC59EEB81EE2}.Release|ARM.Build.0 = Release|ARM
		{D7C9FA83-82CC-4987-9D39-AC59EEB81EE2}.Release|ARM.Deploy.0 = Release|ARM
		{D7C9FA83-82CC-4987-9D39-AC59EEB81EE2}.Release|iPhone.ActiveCfg = Release|x86
		{D7C9FA83-82CC-4987-9D39-AC59EEB81EE2}.Release|iPhone.Build.0 = Release|x86
		{D7C9FA83-82CC-4987-9D39-AC59EEB81EE2}.Release|iPhone.Deploy.0 = Release|x86
		{D7C9FA83-82CC-4987-9D39-AC59EEB81EE2}.Release|iPhoneSimulator.ActiveCfg = Release|x86
		{D7C9FA83-82CC-4987-9D39-AC59EEB81EE2}.Release|iPhoneSimulator.Build.0 = Release|x86
		{D7C9FA83-82CC-4987-9D39-AC59EEB81EE2}.Release|iPhoneSimulator.Deploy.0 = Release|x86
		{D7C9FA83-82CC-4987-9D39-AC59EEB81EE2}.Release|x64.ActiveCfg = Release|x64
		{D7C9FA83-82CC-4987-9D39-AC59EEB81EE2}.Release|x64.Build.0 = Release|x64
		{D7C9FA83-82CC-4987-9D39-AC59EEB81EE2}.Release|x64.Deploy.0 = Release|x64
		{D7C9FA83-82CC-4987-9D39-AC59EEB81EE2}.Release|x86.ActiveCfg = Release|x86
		{D7C9FA83-82CC-4987-9D39-AC59EEB81EE2}.Release|x86.Build.0 = Release|x86
		{D7C9FA83-82CC-4987-9D39-AC59EEB81EE2}.Release|x86.Deploy.0 = Release|x86
		{5BD7DF5C-933B-4166-A26E-983B92C6024B}.Debug|Any CPU.ActiveCfg = Debug|Any CPU
		{5BD7DF5C-933B-4166-A26E-983B92C6024B}.Debug|Any CPU.Build.0 = Debug|Any CPU
		{5BD7DF5C-933B-4166-A26E-983B92C6024B}.Debug|Any CPU.Deploy.0 = Debug|Any CPU
		{5BD7DF5C-933B-4166-A26E-983B92C6024B}.Debug|ARM.ActiveCfg = Debug|Any CPU
		{5BD7DF5C-933B-4166-A26E-983B92C6024B}.Debug|ARM.Build.0 = Debug|Any CPU
		{5BD7DF5C-933B-4166-A26E-983B92C6024B}.Debug|ARM.Deploy.0 = Debug|Any CPU
		{5BD7DF5C-933B-4166-A26E-983B92C6024B}.Debug|iPhone.ActiveCfg = Debug|Any CPU
		{5BD7DF5C-933B-4166-A26E-983B92C6024B}.Debug|iPhone.Build.0 = Debug|Any CPU
		{5BD7DF5C-933B-4166-A26E-983B92C6024B}.Debug|iPhone.Deploy.0 = Debug|Any CPU
		{5BD7DF5C-933B-4166-A26E-983B92C6024B}.Debug|iPhoneSimulator.ActiveCfg = Debug|Any CPU
		{5BD7DF5C-933B-4166-A26E-983B92C6024B}.Debug|iPhoneSimulator.Build.0 = Debug|Any CPU
		{5BD7DF5C-933B-4166-A26E-983B92C6024B}.Debug|iPhoneSimulator.Deploy.0 = Debug|Any CPU
		{5BD7DF5C-933B-4166-A26E-983B92C6024B}.Debug|x64.ActiveCfg = Debug|Any CPU
		{5BD7DF5C-933B-4166-A26E-983B92C6024B}.Debug|x64.Build.0 = Debug|Any CPU
		{5BD7DF5C-933B-4166-A26E-983B92C6024B}.Debug|x64.Deploy.0 = Debug|Any CPU
		{5BD7DF5C-933B-4166-A26E-983B92C6024B}.Debug|x86.ActiveCfg = Debug|Any CPU
		{5BD7DF5C-933B-4166-A26E-983B92C6024B}.Debug|x86.Build.0 = Debug|Any CPU
		{5BD7DF5C-933B-4166-A26E-983B92C6024B}.Debug|x86.Deploy.0 = Debug|Any CPU
		{5BD7DF5C-933B-4166-A26E-983B92C6024B}.Release|Any CPU.ActiveCfg = Release|Any CPU
		{5BD7DF5C-933B-4166-A26E-983B92C6024B}.Release|Any CPU.Build.0 = Release|Any CPU
		{5BD7DF5C-933B-4166-A26E-983B92C6024B}.Release|Any CPU.Deploy.0 = Release|Any CPU
		{5BD7DF5C-933B-4166-A26E-983B92C6024B}.Release|ARM.ActiveCfg = Release|Any CPU
		{5BD7DF5C-933B-4166-A26E-983B92C6024B}.Release|ARM.Build.0 = Release|Any CPU
		{5BD7DF5C-933B-4166-A26E-983B92C6024B}.Release|ARM.Deploy.0 = Release|Any CPU
		{5BD7DF5C-933B-4166-A26E-983B92C6024B}.Release|iPhone.ActiveCfg = Release|Any CPU
		{5BD7DF5C-933B-4166-A26E-983B92C6024B}.Release|iPhone.Build.0 = Release|Any CPU
		{5BD7DF5C-933B-4166-A26E-983B92C6024B}.Release|iPhone.Deploy.0 = Release|Any CPU
		{5BD7DF5C-933B-4166-A26E-983B92C6024B}.Release|iPhoneSimulator.ActiveCfg = Release|Any CPU
		{5BD7DF5C-933B-4166-A26E-983B92C6024B}.Release|iPhoneSimulator.Build.0 = Release|Any CPU
		{5BD7DF5C-933B-4166-A26E-983B92C6024B}.Release|iPhoneSimulator.Deploy.0 = Release|Any CPU
		{5BD7DF5C-933B-4166-A26E-983B92C6024B}.Release|x64.ActiveCfg = Release|Any CPU
		{5BD7DF5C-933B-4166-A26E-983B92C6024B}.Release|x64.Build.0 = Release|Any CPU
		{5BD7DF5C-933B-4166-A26E-983B92C6024B}.Release|x64.Deploy.0 = Release|Any CPU
		{5BD7DF5C-933B-4166-A26E-983B92C6024B}.Release|x86.ActiveCfg = Release|Any CPU
		{5BD7DF5C-933B-4166-A26E-983B92C6024B}.Release|x86.Build.0 = Release|Any CPU
		{5BD7DF5C-933B-4166-A26E-983B92C6024B}.Release|x86.Deploy.0 = Release|Any CPU
		{47CD37BD-EECB-48D5-8632-C89B2B3700B3}.Debug|Any CPU.ActiveCfg = Debug|iPhone
		{47CD37BD-EECB-48D5-8632-C89B2B3700B3}.Debug|Any CPU.Build.0 = Debug|iPhone
		{47CD37BD-EECB-48D5-8632-C89B2B3700B3}.Debug|Any CPU.Deploy.0 = Debug|iPhone
		{47CD37BD-EECB-48D5-8632-C89B2B3700B3}.Debug|ARM.ActiveCfg = Debug|iPhoneSimulator
		{47CD37BD-EECB-48D5-8632-C89B2B3700B3}.Debug|ARM.Build.0 = Debug|iPhoneSimulator
		{47CD37BD-EECB-48D5-8632-C89B2B3700B3}.Debug|ARM.Deploy.0 = Debug|iPhoneSimulator
		{47CD37BD-EECB-48D5-8632-C89B2B3700B3}.Debug|iPhone.ActiveCfg = Debug|iPhone
		{47CD37BD-EECB-48D5-8632-C89B2B3700B3}.Debug|iPhone.Build.0 = Debug|iPhone
		{47CD37BD-EECB-48D5-8632-C89B2B3700B3}.Debug|iPhone.Deploy.0 = Debug|iPhone
		{47CD37BD-EECB-48D5-8632-C89B2B3700B3}.Debug|iPhoneSimulator.ActiveCfg = Debug|iPhoneSimulator
		{47CD37BD-EECB-48D5-8632-C89B2B3700B3}.Debug|iPhoneSimulator.Build.0 = Debug|iPhoneSimulator
		{47CD37BD-EECB-48D5-8632-C89B2B3700B3}.Debug|iPhoneSimulator.Deploy.0 = Debug|iPhoneSimulator
		{47CD37BD-EECB-48D5-8632-C89B2B3700B3}.Debug|x64.ActiveCfg = Debug|iPhone
		{47CD37BD-EECB-48D5-8632-C89B2B3700B3}.Debug|x64.Build.0 = Debug|iPhone
		{47CD37BD-EECB-48D5-8632-C89B2B3700B3}.Debug|x64.Deploy.0 = Debug|iPhone
		{47CD37BD-EECB-48D5-8632-C89B2B3700B3}.Debug|x86.ActiveCfg = Debug|iPhone
		{47CD37BD-EECB-48D5-8632-C89B2B3700B3}.Debug|x86.Build.0 = Debug|iPhone
		{47CD37BD-EECB-48D5-8632-C89B2B3700B3}.Debug|x86.Deploy.0 = Debug|iPhone
		{47CD37BD-EECB-48D5-8632-C89B2B3700B3}.Release|Any CPU.ActiveCfg = Release|iPhone
		{47CD37BD-EECB-48D5-8632-C89B2B3700B3}.Release|Any CPU.Build.0 = Release|iPhone
		{47CD37BD-EECB-48D5-8632-C89B2B3700B3}.Release|Any CPU.Deploy.0 = Release|iPhone
		{47CD37BD-EECB-48D5-8632-C89B2B3700B3}.Release|ARM.ActiveCfg = Release|iPhone
		{47CD37BD-EECB-48D5-8632-C89B2B3700B3}.Release|ARM.Build.0 = Release|iPhone
		{47CD37BD-EECB-48D5-8632-C89B2B3700B3}.Release|ARM.Deploy.0 = Release|iPhone
		{47CD37BD-EECB-48D5-8632-C89B2B3700B3}.Release|iPhone.ActiveCfg = Release|iPhone
		{47CD37BD-EECB-48D5-8632-C89B2B3700B3}.Release|iPhone.Build.0 = Release|iPhone
		{47CD37BD-EECB-48D5-8632-C89B2B3700B3}.Release|iPhone.Deploy.0 = Release|iPhone
		{47CD37BD-EECB-48D5-8632-C89B2B3700B3}.Release|iPhoneSimulator.ActiveCfg = Release|iPhoneSimulator
		{47CD37BD-EECB-48D5-8632-C89B2B3700B3}.Release|iPhoneSimulator.Build.0 = Release|iPhoneSimulator
		{47CD37BD-EECB-48D5-8632-C89B2B3700B3}.Release|iPhoneSimulator.Deploy.0 = Release|iPhoneSimulator
		{47CD37BD-EECB-48D5-8632-C89B2B3700B3}.Release|x64.ActiveCfg = Release|iPhone
		{47CD37BD-EECB-48D5-8632-C89B2B3700B3}.Release|x64.Build.0 = Release|iPhone
		{47CD37BD-EECB-48D5-8632-C89B2B3700B3}.Release|x64.Deploy.0 = Release|iPhone
		{47CD37BD-EECB-48D5-8632-C89B2B3700B3}.Release|x86.ActiveCfg = Release|iPhone
		{47CD37BD-EECB-48D5-8632-C89B2B3700B3}.Release|x86.Build.0 = Release|iPhone
		{47CD37BD-EECB-48D5-8632-C89B2B3700B3}.Release|x86.Deploy.0 = Release|iPhone
		{17D4CC1A-F1FD-454F-AA31-5BEE7BB7F88A}.Debug|Any CPU.ActiveCfg = Debug|Any CPU
		{17D4CC1A-F1FD-454F-AA31-5BEE7BB7F88A}.Debug|Any CPU.Build.0 = Debug|Any CPU
		{17D4CC1A-F1FD-454F-AA31-5BEE7BB7F88A}.Debug|Any CPU.Deploy.0 = Debug|Any CPU
		{17D4CC1A-F1FD-454F-AA31-5BEE7BB7F88A}.Debug|ARM.ActiveCfg = Debug|Any CPU
		{17D4CC1A-F1FD-454F-AA31-5BEE7BB7F88A}.Debug|ARM.Build.0 = Debug|Any CPU
		{17D4CC1A-F1FD-454F-AA31-5BEE7BB7F88A}.Debug|ARM.Deploy.0 = Debug|Any CPU
		{17D4CC1A-F1FD-454F-AA31-5BEE7BB7F88A}.Debug|iPhone.ActiveCfg = Debug|Any CPU
		{17D4CC1A-F1FD-454F-AA31-5BEE7BB7F88A}.Debug|iPhone.Build.0 = Debug|Any CPU
		{17D4CC1A-F1FD-454F-AA31-5BEE7BB7F88A}.Debug|iPhone.Deploy.0 = Debug|Any CPU
		{17D4CC1A-F1FD-454F-AA31-5BEE7BB7F88A}.Debug|iPhoneSimulator.ActiveCfg = Debug|Any CPU
		{17D4CC1A-F1FD-454F-AA31-5BEE7BB7F88A}.Debug|iPhoneSimulator.Build.0 = Debug|Any CPU
		{17D4CC1A-F1FD-454F-AA31-5BEE7BB7F88A}.Debug|iPhoneSimulator.Deploy.0 = Debug|Any CPU
		{17D4CC1A-F1FD-454F-AA31-5BEE7BB7F88A}.Debug|x64.ActiveCfg = Debug|Any CPU
		{17D4CC1A-F1FD-454F-AA31-5BEE7BB7F88A}.Debug|x64.Build.0 = Debug|Any CPU
		{17D4CC1A-F1FD-454F-AA31-5BEE7BB7F88A}.Debug|x64.Deploy.0 = Debug|Any CPU
		{17D4CC1A-F1FD-454F-AA31-5BEE7BB7F88A}.Debug|x86.ActiveCfg = Debug|Any CPU
		{17D4CC1A-F1FD-454F-AA31-5BEE7BB7F88A}.Debug|x86.Build.0 = Debug|Any CPU
		{17D4CC1A-F1FD-454F-AA31-5BEE7BB7F88A}.Debug|x86.Deploy.0 = Debug|Any CPU
		{17D4CC1A-F1FD-454F-AA31-5BEE7BB7F88A}.Release|Any CPU.ActiveCfg = Release|Any CPU
		{17D4CC1A-F1FD-454F-AA31-5BEE7BB7F88A}.Release|Any CPU.Build.0 = Release|Any CPU
		{17D4CC1A-F1FD-454F-AA31-5BEE7BB7F88A}.Release|Any CPU.Deploy.0 = Release|Any CPU
		{17D4CC1A-F1FD-454F-AA31-5BEE7BB7F88A}.Release|ARM.ActiveCfg = Release|Any CPU
		{17D4CC1A-F1FD-454F-AA31-5BEE7BB7F88A}.Release|ARM.Build.0 = Release|Any CPU
		{17D4CC1A-F1FD-454F-AA31-5BEE7BB7F88A}.Release|ARM.Deploy.0 = Release|Any CPU
		{17D4CC1A-F1FD-454F-AA31-5BEE7BB7F88A}.Release|iPhone.ActiveCfg = Release|Any CPU
		{17D4CC1A-F1FD-454F-AA31-5BEE7BB7F88A}.Release|iPhone.Build.0 = Release|Any CPU
		{17D4CC1A-F1FD-454F-AA31-5BEE7BB7F88A}.Release|iPhone.Deploy.0 = Release|Any CPU
		{17D4CC1A-F1FD-454F-AA31-5BEE7BB7F88A}.Release|iPhoneSimulator.ActiveCfg = Release|Any CPU
		{17D4CC1A-F1FD-454F-AA31-5BEE7BB7F88A}.Release|iPhoneSimulator.Build.0 = Release|Any CPU
		{17D4CC1A-F1FD-454F-AA31-5BEE7BB7F88A}.Release|iPhoneSimulator.Deploy.0 = Release|Any CPU
		{17D4CC1A-F1FD-454F-AA31-5BEE7BB7F88A}.Release|x64.ActiveCfg = Release|Any CPU
		{17D4CC1A-F1FD-454F-AA31-5BEE7BB7F88A}.Release|x64.Build.0 = Release|Any CPU
		{17D4CC1A-F1FD-454F-AA31-5BEE7BB7F88A}.Release|x64.Deploy.0 = Release|Any CPU
		{17D4CC1A-F1FD-454F-AA31-5BEE7BB7F88A}.Release|x86.ActiveCfg = Release|Any CPU
		{17D4CC1A-F1FD-454F-AA31-5BEE7BB7F88A}.Release|x86.Build.0 = Release|Any CPU
		{17D4CC1A-F1FD-454F-AA31-5BEE7BB7F88A}.Release|x86.Deploy.0 = Release|Any CPU
	EndGlobalSection
	GlobalSection(SolutionProperties) = preSolution
		HideSolutionNode = FALSE
	EndGlobalSection
	GlobalSection(ExtensibilityGlobals) = postSolution
		SolutionGuid = {9AB0E51F-17CE-4BFD-BD84-201C4EC3D831}
	EndGlobalSection
EndGlobal
